// !$*UTF8*$!
{
	archiveVersion = 1;
	classes = {
	};
	objectVersion = 48;
	objects = {

/* Begin PBXBuildFile section */
		5C3D7A5F1F8872B7004F51B4 /* AppDelegate.swift in Sources */ = {isa = PBXBuildFile; fileRef = 5C3D7A5E1F8872B7004F51B4 /* AppDelegate.swift */; };
		5C3D7A611F8872B7004F51B4 /* RecordSoundsViewController.swift in Sources */ = {isa = PBXBuildFile; fileRef = 5C3D7A601F8872B7004F51B4 /* RecordSoundsViewController.swift */; };
		5C3D7A641F8872B7004F51B4 /* Main.storyboard in Resources */ = {isa = PBXBuildFile; fileRef = 5C3D7A621F8872B7004F51B4 /* Main.storyboard */; };
		5C3D7A661F8872B7004F51B4 /* Assets.xcassets in Resources */ = {isa = PBXBuildFile; fileRef = 5C3D7A651F8872B7004F51B4 /* Assets.xcassets */; };
		5C3D7A691F8872B7004F51B4 /* LaunchScreen.storyboard in Resources */ = {isa = PBXBuildFile; fileRef = 5C3D7A671F8872B7004F51B4 /* LaunchScreen.storyboard */; };
		5CB97BA31F9E9C3C00D0CA81 /* PlaySoundsViewController.swift in Sources */ = {isa = PBXBuildFile; fileRef = 5CB97BA21F9E9C3C00D0CA81 /* PlaySoundsViewController.swift */; };
		5CBC58C31F9FE51A001CD308 /* PlaySoundsViewController-Audio.swift in Sources */ = {isa = PBXBuildFile; fileRef = 5CBC58C21F9FE519001CD308 /* PlaySoundsViewController-Audio.swift */; };
/* End PBXBuildFile section */

/* Begin PBXFileReference section */
		5C3D7A5B1F8872B7004F51B4 /* Pitchy Purr.app */ = {isa = PBXFileReference; explicitFileType = wrapper.application; includeInIndex = 0; path = "Pitchy Purr.app"; sourceTree = BUILT_PRODUCTS_DIR; };
		5C3D7A5E1F8872B7004F51B4 /* AppDelegate.swift */ = {isa = PBXFileReference; lastKnownFileType = sourcecode.swift; path = AppDelegate.swift; sourceTree = "<group>"; };
		5C3D7A601F8872B7004F51B4 /* RecordSoundsViewController.swift */ = {isa = PBXFileReference; lastKnownFileType = sourcecode.swift; path = RecordSoundsViewController.swift; sourceTree = "<group>"; };
		5C3D7A631F8872B7004F51B4 /* Base */ = {isa = PBXFileReference; lastKnownFileType = file.storyboard; name = Base; path = Base.lproj/Main.storyboard; sourceTree = "<group>"; };
		5C3D7A651F8872B7004F51B4 /* Assets.xcassets */ = {isa = PBXFileReference; lastKnownFileType = folder.assetcatalog; path = Assets.xcassets; sourceTree = "<group>"; };
		5C3D7A681F8872B7004F51B4 /* Base */ = {isa = PBXFileReference; lastKnownFileType = file.storyboard; name = Base; path = Base.lproj/LaunchScreen.storyboard; sourceTree = "<group>"; };
		5C3D7A6A1F8872B7004F51B4 /* Info.plist */ = {isa = PBXFileReference; lastKnownFileType = text.plist.xml; path = Info.plist; sourceTree = "<group>"; };
		5CB97BA21F9E9C3C00D0CA81 /* PlaySoundsViewController.swift */ = {isa = PBXFileReference; lastKnownFileType = sourcecode.swift; path = PlaySoundsViewController.swift; sourceTree = "<group>"; };
		5CBC58C21F9FE519001CD308 /* PlaySoundsViewController-Audio.swift */ = {isa = PBXFileReference; fileEncoding = 4; lastKnownFileType = sourcecode.swift; path = "PlaySoundsViewController-Audio.swift"; sourceTree = "<group>"; };
/* End PBXFileReference section */

/* Begin PBXFrameworksBuildPhase section */
		5C3D7A581F8872B7004F51B4 /* Frameworks */ = {
			isa = PBXFrameworksBuildPhase;
			buildActionMask = 2147483647;
			files = (
			);
			runOnlyForDeploymentPostprocessing = 0;
		};
/* End PBXFrameworksBuildPhase section */

/* Begin PBXGroup section */
		5C3D7A521F8872B7004F51B4 = {
			isa = PBXGroup;
			children = (
				5C3D7A5D1F8872B7004F51B4 /* Pitchy Purr */,
				5C3D7A5C1F8872B7004F51B4 /* Products */,
			);
			sourceTree = "<group>";
		};
		5C3D7A5C1F8872B7004F51B4 /* Products */ = {
			isa = PBXGroup;
			children = (
				5C3D7A5B1F8872B7004F51B4 /* Pitchy Purr.app */,
			);
			name = Products;
			sourceTree = "<group>";
		};
		5C3D7A5D1F8872B7004F51B4 /* Pitchy Purr */ = {
			isa = PBXGroup;
			children = (
				5C3D7A5E1F8872B7004F51B4 /* AppDelegate.swift */,
				5C3D7A601F8872B7004F51B4 /* RecordSoundsViewController.swift */,
				5C3D7A621F8872B7004F51B4 /* Main.storyboard */,
				5C3D7A651F8872B7004F51B4 /* Assets.xcassets */,
				5C3D7A671F8872B7004F51B4 /* LaunchScreen.storyboard */,
				5C3D7A6A1F8872B7004F51B4 /* Info.plist */,
				5CB97BA21F9E9C3C00D0CA81 /* PlaySoundsViewController.swift */,
				5CBC58C21F9FE519001CD308 /* PlaySoundsViewController-Audio.swift */,
			);
			path = "Pitchy Purr";
			sourceTree = "<group>";
		};
/* End PBXGroup section */

/* Begin PBXNativeTarget section */
		5C3D7A5A1F8872B7004F51B4 /* Pitchy Purr */ = {
			isa = PBXNativeTarget;
			buildConfigurationList = 5C3D7A6D1F8872B7004F51B4 /* Build configuration list for PBXNativeTarget "Pitchy Purr" */;
			buildPhases = (
				5C3D7A571F8872B7004F51B4 /* Sources */,
				5C3D7A581F8872B7004F51B4 /* Frameworks */,
				5C3D7A591F8872B7004F51B4 /* Resources */,
			);
			buildRules = (
			);
			dependencies = (
			);
			name = "Pitchy Purr";
			productName = "Pitchy Purr";
			productReference = 5C3D7A5B1F8872B7004F51B4 /* Pitchy Purr.app */;
			productType = "com.apple.product-type.application";
		};
/* End PBXNativeTarget section */

/* Begin PBXProject section */
		5C3D7A531F8872B7004F51B4 /* Project object */ = {
			isa = PBXProject;
			attributes = {
				LastSwiftUpdateCheck = 0900;
				LastUpgradeCheck = 0900;
				ORGANIZATIONNAME = "WP Studios";
				TargetAttributes = {
					5C3D7A5A1F8872B7004F51B4 = {
						CreatedOnToolsVersion = 9.0;
						ProvisioningStyle = Automatic;
					};
				};
			};
			buildConfigurationList = 5C3D7A561F8872B7004F51B4 /* Build configuration list for PBXProject "Pitchy Purr" */;
			compatibilityVersion = "Xcode 8.0";
			developmentRegion = en;
			hasScannedForEncodings = 0;
			knownRegions = (
				en,
				Base,
			);
			mainGroup = 5C3D7A521F8872B7004F51B4;
			productRefGroup = 5C3D7A5C1F8872B7004F51B4 /* Products */;
			projectDirPath = "";
			projectRoot = "";
			targets = (
				5C3D7A5A1F8872B7004F51B4 /* Pitchy Purr */,
			);
		};
/* End PBXProject section */

/* Begin PBXResourcesBuildPhase section */
		5C3D7A591F8872B7004F51B4 /* Resources */ = {
			isa = PBXResourcesBuildPhase;
			buildActionMask = 2147483647;
			files = (
				5C3D7A691F8872B7004F51B4 /* LaunchScreen.storyboard in Resources */,
				5C3D7A661F8872B7004F51B4 /* Assets.xcassets in Resources */,
				5C3D7A641F8872B7004F51B4 /* Main.storyboard in Resources */,
			);
			runOnlyForDeploymentPostprocessing = 0;
		};
/* End PBXResourcesBuildPhase section */

/* Begin PBXSourcesBuildPhase section */
		5C3D7A571F8872B7004F51B4 /* Sources */ = {
			isa = PBXSourcesBuildPhase;
			buildActionMask = 2147483647;
			files = (
				5C3D7A611F8872B7004F51B4 /* RecordSoundsViewController.swift in Sources */,
				5CB97BA31F9E9C3C00D0CA81 /* PlaySoundsViewController.swift in Sources */,
				5C3D7A5F1F8872B7004F51B4 /* AppDelegate.swift in Sources */,
				5CBC58C31F9FE51A001CD308 /* PlaySoundsViewController-Audio.swift in Sources */,
			);
			runOnlyForDeploymentPostprocessing = 0;
		};
/* End PBXSourcesBuildPhase section */

/* Begin PBXVariantGroup section */
		5C3D7A621F8872B7004F51B4 /* Main.storyboard */ = {
			isa = PBXVariantGroup;
			children = (
				5C3D7A631F8872B7004F51B4 /* Base */,
			);
			name = Main.storyboard;
			sourceTree = "<group>";
		};
		5C3D7A671F8872B7004F51B4 /* LaunchScreen.storyboard */ = {
			isa = PBXVariantGroup;
			children = (
				5C3D7A681F8872B7004F51B4 /* Base */,
			);
			name = LaunchScreen.storyboard;
			sourceTree = "<group>";
		};
/* End PBXVariantGroup section */

/* Begin XCBuildConfiguration section */
		5C3D7A6B1F8872B7004F51B4 /* Debug */ = {
			isa = XCBuildConfiguration;
			buildSettings = {
				ALWAYS_SEARCH_USER_PATHS = NO;
				CLANG_ANALYZER_NONNULL = YES;
				CLANG_ANALYZER_NUMBER_OBJECT_CONVERSION = YES_AGGRESSIVE;
				CLANG_CXX_LANGUAGE_STANDARD = "gnu++14";
				CLANG_CXX_LIBRARY = "libc++";
				CLANG_ENABLE_MODULES = YES;
				CLANG_ENABLE_OBJC_ARC = YES;
				CLANG_WARN_BLOCK_CAPTURE_AUTORELEASING = YES;
				CLANG_WARN_BOOL_CONVERSION = YES;
				CLANG_WARN_COMMA = YES;
				CLANG_WARN_CONSTANT_CONVERSION = YES;
				CLANG_WARN_DIRECT_OBJC_ISA_USAGE = YES_ERROR;
				CLANG_WARN_DOCUMENTATION_COMMENTS = YES;
				CLANG_WARN_EMPTY_BODY = YES;
				CLANG_WARN_ENUM_CONVERSION = YES;
				CLANG_WARN_INFINITE_RECURSION = YES;
				CLANG_WARN_INT_CONVERSION = YES;
				CLANG_WARN_NON_LITERAL_NULL_CONVERSION = YES;
				CLANG_WARN_OBJC_LITERAL_CONVERSION = YES;
				CLANG_WARN_OBJC_ROOT_CLASS = YES_ERROR;
				CLANG_WARN_RANGE_LOOP_ANALYSIS = YES;
				CLANG_WARN_STRICT_PROTOTYPES = YES;
				CLANG_WARN_SUSPICIOUS_MOVE = YES;
				CLANG_WARN_UNGUARDED_AVAILABILITY = YES_AGGRESSIVE;
				CLANG_WARN_UNREACHABLE_CODE = YES;
				CLANG_WARN__DUPLICATE_METHOD_MATCH = YES;
				CODE_SIGN_IDENTITY = "iPhone Developer";
				COPY_PHASE_STRIP = NO;
				DEBUG_INFORMATION_FORMAT = dwarf;
				ENABLE_STRICT_OBJC_MSGSEND = YES;
				ENABLE_TESTABILITY = YES;
				GCC_C_LANGUAGE_STANDARD = gnu11;
				GCC_DYNAMIC_NO_PIC = NO;
				GCC_NO_COMMON_BLOCKS = YES;
				GCC_OPTIMIZATION_LEVEL = 0;
				GCC_PREPROCESSOR_DEFINITIONS = (
					"DEBUG=1",
					"$(inherited)",
				);
				GCC_WARN_64_TO_32_BIT_CONVERSION = YES;
				GCC_WARN_ABOUT_RETURN_TYPE = YES_ERROR;
				GCC_WARN_UNDECLARED_SELECTOR = YES;
				GCC_WARN_UNINITIALIZED_AUTOS = YES_AGGRESSIVE;
				GCC_WARN_UNUSED_FUNCTION = YES;
				GCC_WARN_UNUSED_VARIABLE = YES;
				IPHONEOS_DEPLOYMENT_TARGET = 11.0;
				MTL_ENABLE_DEBUG_INFO = YES;
				ONLY_ACTIVE_ARCH = YES;
				SDKROOT = iphoneos;
				SWIFT_ACTIVE_COMPILATION_CONDITIONS = DEBUG;
				SWIFT_OPTIMIZATION_LEVEL = "-Onone";
			};
			name = Debug;
		};
		5C3D7A6C1F8872B7004F51B4 /* Release */ = {
			isa = XCBuildConfiguration;
			buildSettings = {
				ALWAYS_SEARCH_USER_PATHS = NO;
				CLANG_ANALYZER_NONNULL = YES;
				CLANG_ANALYZER_NUMBER_OBJECT_CONVERSION = YES_AGGRESSIVE;
				CLANG_CXX_LANGUAGE_STANDARD = "gnu++14";
				CLANG_CXX_LIBRARY = "libc++";
				CLANG_ENABLE_MODULES = YES;
				CLANG_ENABLE_OBJC_ARC = YES;
				CLANG_WARN_BLOCK_CAPTURE_AUTORELEASING = YES;
				CLANG_WARN_BOOL_CONVERSION = YES;
				CLANG_WARN_COMMA = YES;
				CLANG_WARN_CONSTANT_CONVERSION = YES;
				CLANG_WARN_DIRECT_OBJC_ISA_USAGE = YES_ERROR;
				CLANG_WARN_DOCUMENTATION_COMMENTS = YES;
				CLANG_WARN_EMPTY_BODY = YES;
				CLANG_WARN_ENUM_CONVERSION = YES;
				CLANG_WARN_INFINITE_RECURSION = YES;
				CLANG_WARN_INT_CONVERSION = YES;
				CLANG_WARN_NON_LITERAL_NULL_CONVERSION = YES;
				CLANG_WARN_OBJC_LITERAL_CONVERSION = YES;
				CLANG_WARN_OBJC_ROOT_CLASS = YES_ERROR;
				CLANG_WARN_RANGE_LOOP_ANALYSIS = YES;
				CLANG_WARN_STRICT_PROTOTYPES = YES;
				CLANG_WARN_SUSPICIOUS_MOVE = YES;
				CLANG_WARN_UNGUARDED_AVAILABILITY = YES_AGGRESSIVE;
				CLANG_WARN_UNREACHABLE_CODE = YES;
				CLANG_WARN__DUPLICATE_METHOD_MATCH = YES;
				CODE_SIGN_IDENTITY = "iPhone Developer";
				COPY_PHASE_STRIP = NO;
				DEBUG_INFORMATION_FORMAT = "dwarf-with-dsym";
				ENABLE_NS_ASSERTIONS = NO;
				ENABLE_STRICT_OBJC_MSGSEND = YES;
				GCC_C_LANGUAGE_STANDARD = gnu11;
				GCC_NO_COMMON_BLOCKS = YES;
				GCC_WARN_64_TO_32_BIT_CONVERSION = YES;
				GCC_WARN_ABOUT_RETURN_TYPE = YES_ERROR;
				GCC_WARN_UNDECLARED_SELECTOR = YES;
				GCC_WARN_UNINITIALIZED_AUTOS = YES_AGGRESSIVE;
				GCC_WARN_UNUSED_FUNCTION = YES;
				GCC_WARN_UNUSED_VARIABLE = YES;
				IPHONEOS_DEPLOYMENT_TARGET = 11.0;
				MTL_ENABLE_DEBUG_INFO = NO;
				SDKROOT = iphoneos;
				SWIFT_OPTIMIZATION_LEVEL = "-Owholemodule";
				VALIDATE_PRODUCT = YES;
			};
			name = Release;
		};
		5C3D7A6E1F8872B7004F51B4 /* Debug */ = {
			isa = XCBuildConfiguration;
			buildSettings = {
				ASSETCATALOG_COMPILER_APPICON_NAME = AppIcon;
				CODE_SIGN_STYLE = Automatic;
				DEVELOPMENT_TEAM = MYN5DKGX2N;
				INFOPLIST_FILE = "Pitchy Purr/Info.plist";
				LD_RUNPATH_SEARCH_PATHS = "$(inherited) @executable_path/Frameworks";
				MTL_ENABLE_DEBUG_INFO = NO;
				ONLY_ACTIVE_ARCH = YES;
				PRODUCT_BUNDLE_IDENTIFIER = "com.wp.pitch.Pitchy-Purr";
				PRODUCT_NAME = "$(TARGET_NAME)";
				SWIFT_VERSION = 4.0;
				TARGETED_DEVICE_FAMILY = "1,2";
			};
			name = Debug;
		};
		5C3D7A6F1F8872B7004F51B4 /* Release */ = {
			isa = XCBuildConfiguration;
			buildSettings = {
				ASSETCATALOG_COMPILER_APPICON_NAME = AppIcon;
				CODE_SIGN_STYLE = Automatic;
				DEVELOPMENT_TEAM = MYN5DKGX2N;
				INFOPLIST_FILE = "Pitchy Purr/Info.plist";
				LD_RUNPATH_SEARCH_PATHS = "$(inherited) @executable_path/Frameworks";
				ONLY_ACTIVE_ARCH = NO;
				PRODUCT_BUNDLE_IDENTIFIER = "com.wp.pitch.Pitchy-Purr";
				PRODUCT_NAME = "$(TARGET_NAME)";
				SWIFT_VERSION = 4.0;
				TARGETED_DEVICE_FAMILY = "1,2";
			};
			name = Release;
		};
/* End XCBuildConfiguration section */

/* Begin XCConfigurationList section */
		5C3D7A561F8872B7004F51B4 /* Build configuration list for PBXProject "Pitchy Purr" */ = {
			isa = XCConfigurationList;
			buildConfigurations = (
				5C3D7A6B1F8872B7004F51B4 /* Debug */,
				5C3D7A6C1F8872B7004F51B4 /* Release */,
			);
			defaultConfigurationIsVisible = 0;
			defaultConfigurationName = Release;
		};
		5C3D7A6D1F8872B7004F51B4 /* Build configuration list for PBXNativeTarget "Pitchy Purr" */ = {
			isa = XCConfigurationList;
			buildConfigurations = (
				5C3D7A6E1F8872B7004F51B4 /* Debug */,
				5C3D7A6F1F8872B7004F51B4 /* Release */,
			);
			defaultConfigurationIsVisible = 0;
			defaultConfigurationName = Release;
		};
/* End XCConfigurationList section */
	};
	rootObject = 5C3D7A531F8872B7004F51B4 /* Project object */;
}
